
Microsoft Visual Studio Solution File, Format Version 12.00
# Visual Studio Version 16
VisualStudioVersion = 16.0.28803.156
MinimumVisualStudioVersion = 10.0.40219.1
Project("{FAE04EC0-301F-11D3-BF4B-00C04F79EFBC}") = "NDecrypt", "NDecrypt\NDecrypt.csproj", "{2E30006A-3C60-4576-A262-937B21C83C06}"
EndProject
Project("{2150E333-8FDC-42A3-9474-1A3956D46DE8}") = "Solution Items", "Solution Items", "{31CE0445-F693-4C9A-B6CD-499C38CFF7FE}"
	ProjectSection(SolutionItems) = preProject
		README.md = README.md
	EndProjectSection
EndProject
Global
	GlobalSection(SolutionConfigurationPlatforms) = preSolution
		Debug|Any CPU = Debug|Any CPU
		Release|Any CPU = Release|Any CPU
	EndGlobalSection
	GlobalSection(ProjectConfigurationPlatforms) = postSolution
		{2E30006A-3C60-4576-A262-937B21C83C06}.Debug|Any CPU.ActiveCfg = Debug|Any CPU
		{2E30006A-3C60-4576-A262-937B21C83C06}.Debug|Any CPU.Build.0 = Debug|Any CPU
		{2E30006A-3C60-4576-A262-937B21C83C06}.Release|Any CPU.ActiveCfg = Release|Any CPU
		{2E30006A-3C60-4576-A262-937B21C83C06}.Release|Any CPU.Build.0 = Release|Any CPU
	EndGlobalSection
	GlobalSection(SolutionProperties) = preSolution
		HideSolutionNode = FALSE
	EndGlobalSection
	GlobalSection(ExtensibilityGlobals) = postSolution
		SolutionGuid = {5AB50D9B-BA18-4F96-804B-52E7E0845B37}
	EndGlobalSection
EndGlobal
